PODS:
  - Alamofire (5.5.0)
  - AlamofireImage (4.2.0):
    - Alamofire (~> 5.4)
  - OnlyPictures (1.1.4)

DEPENDENCIES:
  - AlamofireImage
  - OnlyPictures (from `../`)

SPEC REPOS:
  trunk:
    - Alamofire
    - AlamofireImage

EXTERNAL SOURCES:
  OnlyPictures:
    :path: "../"

SPEC CHECKSUMS:
  Alamofire: 1c4fb5369c3fe93d2857c780d8bbe09f06f97e7c
  AlamofireImage: 34a2d90b0e5fe6a5605f85ae4b7b01e784c60192
  OnlyPictures: c444f75e322cbf4a6c82580e80e6509ae0b3a3b5

PODFILE CHECKSUM: a654188e7ab7e0b4596c7ec073ae1ffae1aff5bb

COCOAPODS: 1.11.2
